
Microsoft Visual Studio Solution File, Format Version 12.00
# Visual Studio Version 16
VisualStudioVersion = 16.0.29411.108
MinimumVisualStudioVersion = 10.0.40219.1
Project("{FAE04EC0-301F-11D3-BF4B-00C04F79EFBC}") = "ClassLibraryDelta", "ClassLibraryDelta\ClassLibraryDelta.csproj", "{D98FA158-7EFF-4184-A0A4-2FB14BEC494D}"
EndProject
Project("{FAE04EC0-301F-11D3-BF4B-00C04F79EFBC}") = "ConsoleApp1", "ConsoleApp1\ConsoleApp1.csproj", "{D99B7F29-0884-401A-A257-73B2639AED3F}"
EndProject
Project("{FAE04EC0-301F-11D3-BF4B-00C04F79EFBC}") = "Tests", "Tests\Tests.csproj", "{79FE956F-7159-4E76-AF3A-67FA9998B400}"
EndProject
Global
	GlobalSection(SolutionConfigurationPlatforms) = preSolution
		Debug|Any CPU = Debug|Any CPU
		Release|Any CPU = Release|Any CPU
	EndGlobalSection
	GlobalSection(ProjectConfigurationPlatforms) = postSolution
		{D98FA158-7EFF-4184-A0A4-2FB14BEC494D}.Debug|Any CPU.ActiveCfg = Debug|Any CPU
		{D98FA158-7EFF-4184-A0A4-2FB14BEC494D}.Debug|Any CPU.Build.0 = Debug|Any CPU
		{D98FA158-7EFF-4184-A0A4-2FB14BEC494D}.Release|Any CPU.ActiveCfg = Release|Any CPU
		{D98FA158-7EFF-4184-A0A4-2FB14BEC494D}.Release|Any CPU.Build.0 = Release|Any CPU
		{D99B7F29-0884-401A-A257-73B2639AED3F}.Debug|Any CPU.ActiveCfg = Debug|Any CPU
		{D99B7F29-0884-401A-A257-73B2639AED3F}.Debug|Any CPU.Build.0 = Debug|Any CPU
		{D99B7F29-0884-401A-A257-73B2639AED3F}.Release|Any CPU.ActiveCfg = Release|Any CPU
		{D99B7F29-0884-401A-A257-73B2639AED3F}.Release|Any CPU.Build.0 = Release|Any CPU
		{79FE956F-7159-4E76-AF3A-67FA9998B400}.Debug|Any CPU.ActiveCfg = Debug|Any CPU
		{79FE956F-7159-4E76-AF3A-67FA9998B400}.Debug|Any CPU.Build.0 = Debug|Any CPU
		{79FE956F-7159-4E76-AF3A-67FA9998B400}.Release|Any CPU.ActiveCfg = Release|Any CPU
		{79FE956F-7159-4E76-AF3A-67FA9998B400}.Release|Any CPU.Build.0 = Release|Any CPU
	EndGlobalSection
	GlobalSection(SolutionProperties) = preSolution
		HideSolutionNode = FALSE
	EndGlobalSection
	GlobalSection(ExtensibilityGlobals) = postSolution
		SolutionGuid = {959EE96F-8B96-45AD-A41C-EFB6327B5EAE}
	EndGlobalSection
EndGlobal
