
Microsoft Visual Studio Solution File, Format Version 12.00
# Visual Studio Version 16
VisualStudioVersion = 16.0.29424.173
MinimumVisualStudioVersion = 10.0.40219.1
Project("{FAE04EC0-301F-11D3-BF4B-00C04F79EFBC}") = "ClassLibraryDelta", "ClassLibraryDelta\ClassLibraryDelta.csproj", "{D98FA158-7EFF-4184-A0A4-2FB14BEC494D}"
EndProject
Project("{FAE04EC0-301F-11D3-BF4B-00C04F79EFBC}") = "Tests", "Tests\Tests.csproj", "{EBFEE6A9-E361-4546-9A1D-E7C65CF0BFAD}"
EndProject
Project("{FAE04EC0-301F-11D3-BF4B-00C04F79EFBC}") = "UWP", "UWP\UWP.csproj", "{FF5255E7-C5E3-4CA9-ABD2-091E54AA2911}"
EndProject
Project("{FAE04EC0-301F-11D3-BF4B-00C04F79EFBC}") = "ASP.NET", "ASP.NET\ASP.NET.csproj", "{7CE53DA8-1201-4B6E-98FF-2D41ECFC2FAB}"
EndProject
Global
	GlobalSection(SolutionConfigurationPlatforms) = preSolution
		Debug|Any CPU = Debug|Any CPU
		Debug|ARM = Debug|ARM
		Debug|ARM64 = Debug|ARM64
		Debug|x64 = Debug|x64
		Debug|x86 = Debug|x86
		Release|Any CPU = Release|Any CPU
		Release|ARM = Release|ARM
		Release|ARM64 = Release|ARM64
		Release|x64 = Release|x64
		Release|x86 = Release|x86
	EndGlobalSection
	GlobalSection(ProjectConfigurationPlatforms) = postSolution
		{D98FA158-7EFF-4184-A0A4-2FB14BEC494D}.Debug|Any CPU.ActiveCfg = Debug|Any CPU
		{D98FA158-7EFF-4184-A0A4-2FB14BEC494D}.Debug|Any CPU.Build.0 = Debug|Any CPU
		{D98FA158-7EFF-4184-A0A4-2FB14BEC494D}.Debug|ARM.ActiveCfg = Debug|Any CPU
		{D98FA158-7EFF-4184-A0A4-2FB14BEC494D}.Debug|ARM.Build.0 = Debug|Any CPU
		{D98FA158-7EFF-4184-A0A4-2FB14BEC494D}.Debug|ARM64.ActiveCfg = Debug|Any CPU
		{D98FA158-7EFF-4184-A0A4-2FB14BEC494D}.Debug|ARM64.Build.0 = Debug|Any CPU
		{D98FA158-7EFF-4184-A0A4-2FB14BEC494D}.Debug|x64.ActiveCfg = Debug|Any CPU
		{D98FA158-7EFF-4184-A0A4-2FB14BEC494D}.Debug|x64.Build.0 = Debug|Any CPU
		{D98FA158-7EFF-4184-A0A4-2FB14BEC494D}.Debug|x86.ActiveCfg = Debug|Any CPU
		{D98FA158-7EFF-4184-A0A4-2FB14BEC494D}.Debug|x86.Build.0 = Debug|Any CPU
		{D98FA158-7EFF-4184-A0A4-2FB14BEC494D}.Release|Any CPU.ActiveCfg = Release|Any CPU
		{D98FA158-7EFF-4184-A0A4-2FB14BEC494D}.Release|Any CPU.Build.0 = Release|Any CPU
		{D98FA158-7EFF-4184-A0A4-2FB14BEC494D}.Release|ARM.ActiveCfg = Release|Any CPU
		{D98FA158-7EFF-4184-A0A4-2FB14BEC494D}.Release|ARM.Build.0 = Release|Any CPU
		{D98FA158-7EFF-4184-A0A4-2FB14BEC494D}.Release|ARM64.ActiveCfg = Release|Any CPU
		{D98FA158-7EFF-4184-A0A4-2FB14BEC494D}.Release|ARM64.Build.0 = Release|Any CPU
		{D98FA158-7EFF-4184-A0A4-2FB14BEC494D}.Release|x64.ActiveCfg = Release|Any CPU
		{D98FA158-7EFF-4184-A0A4-2FB14BEC494D}.Release|x64.Build.0 = Release|Any CPU
		{D98FA158-7EFF-4184-A0A4-2FB14BEC494D}.Release|x86.ActiveCfg = Release|Any CPU
		{D98FA158-7EFF-4184-A0A4-2FB14BEC494D}.Release|x86.Build.0 = Release|Any CPU
		{EBFEE6A9-E361-4546-9A1D-E7C65CF0BFAD}.Debug|Any CPU.ActiveCfg = Debug|Any CPU
		{EBFEE6A9-E361-4546-9A1D-E7C65CF0BFAD}.Debug|Any CPU.Build.0 = Debug|Any CPU
		{EBFEE6A9-E361-4546-9A1D-E7C65CF0BFAD}.Debug|ARM.ActiveCfg = Debug|Any CPU
		{EBFEE6A9-E361-4546-9A1D-E7C65CF0BFAD}.Debug|ARM.Build.0 = Debug|Any CPU
		{EBFEE6A9-E361-4546-9A1D-E7C65CF0BFAD}.Debug|ARM64.ActiveCfg = Debug|Any CPU
		{EBFEE6A9-E361-4546-9A1D-E7C65CF0BFAD}.Debug|ARM64.Build.0 = Debug|Any CPU
		{EBFEE6A9-E361-4546-9A1D-E7C65CF0BFAD}.Debug|x64.ActiveCfg = Debug|Any CPU
		{EBFEE6A9-E361-4546-9A1D-E7C65CF0BFAD}.Debug|x64.Build.0 = Debug|Any CPU
		{EBFEE6A9-E361-4546-9A1D-E7C65CF0BFAD}.Debug|x86.ActiveCfg = Debug|Any CPU
		{EBFEE6A9-E361-4546-9A1D-E7C65CF0BFAD}.Debug|x86.Build.0 = Debug|Any CPU
		{EBFEE6A9-E361-4546-9A1D-E7C65CF0BFAD}.Release|Any CPU.ActiveCfg = Release|Any CPU
		{EBFEE6A9-E361-4546-9A1D-E7C65CF0BFAD}.Release|Any CPU.Build.0 = Release|Any CPU
		{EBFEE6A9-E361-4546-9A1D-E7C65CF0BFAD}.Release|ARM.ActiveCfg = Release|Any CPU
		{EBFEE6A9-E361-4546-9A1D-E7C65CF0BFAD}.Release|ARM.Build.0 = Release|Any CPU
		{EBFEE6A9-E361-4546-9A1D-E7C65CF0BFAD}.Release|ARM64.ActiveCfg = Release|Any CPU
		{EBFEE6A9-E361-4546-9A1D-E7C65CF0BFAD}.Release|ARM64.Build.0 = Release|Any CPU
		{EBFEE6A9-E361-4546-9A1D-E7C65CF0BFAD}.Release|x64.ActiveCfg = Release|Any CPU
		{EBFEE6A9-E361-4546-9A1D-E7C65CF0BFAD}.Release|x64.Build.0 = Release|Any CPU
		{EBFEE6A9-E361-4546-9A1D-E7C65CF0BFAD}.Release|x86.ActiveCfg = Release|Any CPU
		{EBFEE6A9-E361-4546-9A1D-E7C65CF0BFAD}.Release|x86.Build.0 = Release|Any CPU
		{FF5255E7-C5E3-4CA9-ABD2-091E54AA2911}.Debug|Any CPU.ActiveCfg = Debug|x86
		{FF5255E7-C5E3-4CA9-ABD2-091E54AA2911}.Debug|Any CPU.Build.0 = Debug|x86
		{FF5255E7-C5E3-4CA9-ABD2-091E54AA2911}.Debug|Any CPU.Deploy.0 = Debug|x86
		{FF5255E7-C5E3-4CA9-ABD2-091E54AA2911}.Debug|ARM.ActiveCfg = Debug|ARM
		{FF5255E7-C5E3-4CA9-ABD2-091E54AA2911}.Debug|ARM.Build.0 = Debug|ARM
		{FF5255E7-C5E3-4CA9-ABD2-091E54AA2911}.Debug|ARM.Deploy.0 = Debug|ARM
		{FF5255E7-C5E3-4CA9-ABD2-091E54AA2911}.Debug|ARM64.ActiveCfg = Debug|ARM64
		{FF5255E7-C5E3-4CA9-ABD2-091E54AA2911}.Debug|ARM64.Build.0 = Debug|ARM64
		{FF5255E7-C5E3-4CA9-ABD2-091E54AA2911}.Debug|ARM64.Deploy.0 = Debug|ARM64
		{FF5255E7-C5E3-4CA9-ABD2-091E54AA2911}.Debug|x64.ActiveCfg = Debug|x64
		{FF5255E7-C5E3-4CA9-ABD2-091E54AA2911}.Debug|x64.Build.0 = Debug|x64
		{FF5255E7-C5E3-4CA9-ABD2-091E54AA2911}.Debug|x64.Deploy.0 = Debug|x64
		{FF5255E7-C5E3-4CA9-ABD2-091E54AA2911}.Debug|x86.ActiveCfg = Debug|x86
		{FF5255E7-C5E3-4CA9-ABD2-091E54AA2911}.Debug|x86.Build.0 = Debug|x86
		{FF5255E7-C5E3-4CA9-ABD2-091E54AA2911}.Debug|x86.Deploy.0 = Debug|x86
		{FF5255E7-C5E3-4CA9-ABD2-091E54AA2911}.Release|Any CPU.ActiveCfg = Release|x86
		{FF5255E7-C5E3-4CA9-ABD2-091E54AA2911}.Release|ARM.ActiveCfg = Release|ARM
		{FF5255E7-C5E3-4CA9-ABD2-091E54AA2911}.Release|ARM.Build.0 = Release|ARM
		{FF5255E7-C5E3-4CA9-ABD2-091E54AA2911}.Release|ARM.Deploy.0 = Release|ARM
		{FF5255E7-C5E3-4CA9-ABD2-091E54AA2911}.Release|ARM64.ActiveCfg = Release|ARM64
		{FF5255E7-C5E3-4CA9-ABD2-091E54AA2911}.Release|ARM64.Build.0 = Release|ARM64
		{FF5255E7-C5E3-4CA9-ABD2-091E54AA2911}.Release|ARM64.Deploy.0 = Release|ARM64
		{FF5255E7-C5E3-4CA9-ABD2-091E54AA2911}.Release|x64.ActiveCfg = Release|x64
		{FF5255E7-C5E3-4CA9-ABD2-091E54AA2911}.Release|x64.Build.0 = Release|x64
		{FF5255E7-C5E3-4CA9-ABD2-091E54AA2911}.Release|x64.Deploy.0 = Release|x64
		{FF5255E7-C5E3-4CA9-ABD2-091E54AA2911}.Release|x86.ActiveCfg = Release|x86
		{FF5255E7-C5E3-4CA9-ABD2-091E54AA2911}.Release|x86.Build.0 = Release|x86
		{FF5255E7-C5E3-4CA9-ABD2-091E54AA2911}.Release|x86.Deploy.0 = Release|x86
		{7CE53DA8-1201-4B6E-98FF-2D41ECFC2FAB}.Debug|Any CPU.ActiveCfg = Debug|Any CPU
		{7CE53DA8-1201-4B6E-98FF-2D41ECFC2FAB}.Debug|Any CPU.Build.0 = Debug|Any CPU
		{7CE53DA8-1201-4B6E-98FF-2D41ECFC2FAB}.Debug|ARM.ActiveCfg = Debug|Any CPU
		{7CE53DA8-1201-4B6E-98FF-2D41ECFC2FAB}.Debug|ARM.Build.0 = Debug|Any CPU
		{7CE53DA8-1201-4B6E-98FF-2D41ECFC2FAB}.Debug|ARM64.ActiveCfg = Debug|Any CPU
		{7CE53DA8-1201-4B6E-98FF-2D41ECFC2FAB}.Debug|ARM64.Build.0 = Debug|Any CPU
		{7CE53DA8-1201-4B6E-98FF-2D41ECFC2FAB}.Debug|x64.ActiveCfg = Debug|Any CPU
		{7CE53DA8-1201-4B6E-98FF-2D41ECFC2FAB}.Debug|x64.Build.0 = Debug|Any CPU
		{7CE53DA8-1201-4B6E-98FF-2D41ECFC2FAB}.Debug|x86.ActiveCfg = Debug|Any CPU
		{7CE53DA8-1201-4B6E-98FF-2D41ECFC2FAB}.Debug|x86.Build.0 = Debug|Any CPU
		{7CE53DA8-1201-4B6E-98FF-2D41ECFC2FAB}.Release|Any CPU.ActiveCfg = Release|Any CPU
		{7CE53DA8-1201-4B6E-98FF-2D41ECFC2FAB}.Release|Any CPU.Build.0 = Release|Any CPU
		{7CE53DA8-1201-4B6E-98FF-2D41ECFC2FAB}.Release|ARM.ActiveCfg = Release|Any CPU
		{7CE53DA8-1201-4B6E-98FF-2D41ECFC2FAB}.Release|ARM.Build.0 = Release|Any CPU
		{7CE53DA8-1201-4B6E-98FF-2D41ECFC2FAB}.Release|ARM64.ActiveCfg = Release|Any CPU
		{7CE53DA8-1201-4B6E-98FF-2D41ECFC2FAB}.Release|ARM64.Build.0 = Release|Any CPU
		{7CE53DA8-1201-4B6E-98FF-2D41ECFC2FAB}.Release|x64.ActiveCfg = Release|Any CPU
		{7CE53DA8-1201-4B6E-98FF-2D41ECFC2FAB}.Release|x64.Build.0 = Release|Any CPU
		{7CE53DA8-1201-4B6E-98FF-2D41ECFC2FAB}.Release|x86.ActiveCfg = Release|Any CPU
		{7CE53DA8-1201-4B6E-98FF-2D41ECFC2FAB}.Release|x86.Build.0 = Release|Any CPU
	EndGlobalSection
	GlobalSection(SolutionProperties) = preSolution
		HideSolutionNode = FALSE
	EndGlobalSection
	GlobalSection(ExtensibilityGlobals) = postSolution
		SolutionGuid = {9CFF818C-3B00-40A4-A0AC-62E9FC262196}
	EndGlobalSection
EndGlobal
